{
  "name": "@aitos/input",
  "version": "1.0.0",
  "lockfileVersion": 3,
  "requires": true,
  "packages": {
    "": {
      "name": "@aitos/input",
      "version": "1.0.0",
      "license": "MIT",
      "devDependencies": {
        "@aitos/core": "file:../../../aitos",
        "@types/node": "^20.0.0",
        "typescript": "^5.9.3"
      },
      "peerDependencies": {
        "@aitos/core": "^1.0.0"
      }
    },
    "../../../aitos": {
      "name": "@aitos/core",
      "version": "1.0.0",
      "dev": true,
      "license": "MIT",
      "devDependencies": {
        "@types/node": "^20.0.0",
        "typescript": "^5.9.3"
      }
    },
    "../../aitos": {
      "extraneous": true
    },
    "node_modules/@aitos/core": {
      "resolved": "../../../aitos",
      "link": true
    },
    "node_modules/@types/node": {
      "version": "20.19.39",
      "dev": true,
      "license": "MIT",
      "dependencies": {
        "undici-types": "~6.21.0"
      }
    },
    "node_modules/typescript": {
      "version": "5.9.3",
      "dev": true,
      "license": "Apache-2.0",
      "bin": {
        "tsc": "bin/tsc",
        "tsserver": "bin/tsserver"
      },
      "engines": {
        "node": ">=14.17"
      }
    },
    "node_modules/undici-types": {
      "version": "6.21.0",
      "dev": true,
      "license": "MIT"
    }
  }
}
