{
  "name": "@aitos/bridge-desktop",
  "version": "1.0.0",
  "lockfileVersion": 3,
  "requires": true,
  "packages": {
    "": {
      "name": "@aitos/bridge-desktop",
      "version": "1.0.0",
      "license": "MIT",
      "devDependencies": {
        "@aitos/bridge": "file:../bridge",
        "@aitos/core": "file:../../../aitos",
        "typescript": "^5.0.0"
      },
      "peerDependencies": {
        "@aitos/bridge": "^1.0.0",
        "@aitos/core": "^1.0.0"
      }
    },
    "../../../aitos": {
      "name": "@aitos/core",
      "version": "1.0.0",
      "dev": true,
      "license": "MIT",
      "devDependencies": {
        "@types/node": "^20.0.0",
        "typescript": "^5.9.3"
      }
    },
    "../bridge": {
      "version": "1.0.0",
      "dev": true,
      "license": "MIT",
      "devDependencies": {
        "@aitos/core": "file:../../../aitos",
        "@types/node": "^20.0.0",
        "typescript": "^5.0.0"
      },
      "peerDependencies": {
        "@aitos/core": "^1.0.0"
      }
    },
    "node_modules/@aitos/bridge": {
      "resolved": "../bridge",
      "link": true
    },
    "node_modules/@aitos/core": {
      "resolved": "../../../aitos",
      "link": true
    },
    "node_modules/typescript": {
      "version": "5.9.3",
      "resolved": "https://registry.npmjs.org/typescript/-/typescript-5.9.3.tgz",
      "integrity": "sha512-jl1vZzPDinLr9eUt3J/t7V6FgNEw9QjvBPdysz9KfQDD41fQrC2Y4vKQdiaUpFT4bXlb1RHhLpp8wtm6M5TgSw==",
      "dev": true,
      "license": "Apache-2.0",
      "bin": {
        "tsc": "bin/tsc",
        "tsserver": "bin/tsserver"
      },
      "engines": {
        "node": ">=14.17"
      }
    }
  }
}
